// !$*UTF8*$!
{
	archiveVersion = 1;
	classes = {
	};
	objectVersion = 55;
	objects = {

/* Begin PBXBuildFile section */
		353D745D278FAC8B00C96CFF /* Notes_DocsApp.swift in Sources */ = {isa = PBXBuildFile; fileRef = 353D745C278FAC8B00C96CFF /* Notes_DocsApp.swift */; };
		353D745F278FAC8B00C96CFF /* ContentView.swift in Sources */ = {isa = PBXBuildFile; fileRef = 353D745E278FAC8B00C96CFF /* ContentView.swift */; };
		353D7461278FAC8C00C96CFF /* Assets.xcassets in Resources */ = {isa = PBXBuildFile; fileRef = 353D7460278FAC8C00C96CFF /* Assets.xcassets */; };
		353D7464278FAC8C00C96CFF /* Preview Assets.xcassets in Resources */ = {isa = PBXBuildFile; fileRef = 353D7463278FAC8C00C96CFF /* Preview Assets.xcassets */; };
		353D746D278FAF7300C96CFF /* FileView.swift in Sources */ = {isa = PBXBuildFile; fileRef = 353D746C278FAF7300C96CFF /* FileView.swift */; };
		35638159278FB77B00296071 /* NoteView.swift in Sources */ = {isa = PBXBuildFile; fileRef = 35638158278FB77B00296071 /* NoteView.swift */; };
		3566671727AD28B400490522 /* Item.swift in Sources */ = {isa = PBXBuildFile; fileRef = 3566671627AD28B400490522 /* Item.swift */; };
		35A1A4EF279B291C00A8CD1A /* TextAlert.swift in Sources */ = {isa = PBXBuildFile; fileRef = 35A1A4EE279B291C00A8CD1A /* TextAlert.swift */; };
		35A1A4F1279B294500A8CD1A /* Directory.swift in Sources */ = {isa = PBXBuildFile; fileRef = 35A1A4F0279B294500A8CD1A /* Directory.swift */; };
		35A34AA027A96C3E0093B8ED /* Document.swift in Sources */ = {isa = PBXBuildFile; fileRef = 35A34A9F27A96C3E0093B8ED /* Document.swift */; };
		35A34AA227A96C490093B8ED /* WordPad.swift in Sources */ = {isa = PBXBuildFile; fileRef = 35A34AA127A96C490093B8ED /* WordPad.swift */; };
		35A34AA427A972260093B8ED /* WordPadView.swift in Sources */ = {isa = PBXBuildFile; fileRef = 35A34AA327A972260093B8ED /* WordPadView.swift */; };
		35A5C27D2798EF8200BBD3B2 /* Folder.swift in Sources */ = {isa = PBXBuildFile; fileRef = 35A5C27C2798EF8200BBD3B2 /* Folder.swift */; };
		35BF4C8B2799CECE005D2D9B /* DirectoryView.swift in Sources */ = {isa = PBXBuildFile; fileRef = 35BF4C8A2799CECE005D2D9B /* DirectoryView.swift */; };
		35BF4C8F2799CF20005D2D9B /* SidebarView.swift in Sources */ = {isa = PBXBuildFile; fileRef = 35BF4C8E2799CF20005D2D9B /* SidebarView.swift */; };
		35E547D4279971910052C9D6 /* TextAlertView.swift in Sources */ = {isa = PBXBuildFile; fileRef = 35E547D3279971910052C9D6 /* TextAlertView.swift */; };
		35F3B69927981B1200E57466 /* CanvasView.swift in Sources */ = {isa = PBXBuildFile; fileRef = 35F3B69827981B1200E57466 /* CanvasView.swift */; };
		35F3B69D27981B6F00E57466 /* Note.swift in Sources */ = {isa = PBXBuildFile; fileRef = 35F3B69C27981B6F00E57466 /* Note.swift */; };
/* End PBXBuildFile section */

/* Begin PBXFileReference section */
		353D7459278FAC8B00C96CFF /* Notes&Docs.app */ = {isa = PBXFileReference; explicitFileType = wrapper.application; includeInIndex = 0; path = "Notes&Docs.app"; sourceTree = BUILT_PRODUCTS_DIR; };
		353D745C278FAC8B00C96CFF /* Notes_DocsApp.swift */ = {isa = PBXFileReference; lastKnownFileType = sourcecode.swift; path = Notes_DocsApp.swift; sourceTree = "<group>"; };
		353D745E278FAC8B00C96CFF /* ContentView.swift */ = {isa = PBXFileReference; lastKnownFileType = sourcecode.swift; path = ContentView.swift; sourceTree = "<group>"; };
		353D7460278FAC8C00C96CFF /* Assets.xcassets */ = {isa = PBXFileReference; lastKnownFileType = folder.assetcatalog; path = Assets.xcassets; sourceTree = "<group>"; };
		353D7463278FAC8C00C96CFF /* Preview Assets.xcassets */ = {isa = PBXFileReference; lastKnownFileType = folder.assetcatalog; path = "Preview Assets.xcassets"; sourceTree = "<group>"; };
		353D746C278FAF7300C96CFF /* FileView.swift */ = {isa = PBXFileReference; lastKnownFileType = sourcecode.swift; path = FileView.swift; sourceTree = "<group>"; };
		35638158278FB77B00296071 /* NoteView.swift */ = {isa = PBXFileReference; lastKnownFileType = sourcecode.swift; path = NoteView.swift; sourceTree = "<group>"; };
		3566671627AD28B400490522 /* Item.swift */ = {isa = PBXFileReference; lastKnownFileType = sourcecode.swift; path = Item.swift; sourceTree = "<group>"; };
		35A1A4EE279B291C00A8CD1A /* TextAlert.swift */ = {isa = PBXFileReference; lastKnownFileType = sourcecode.swift; path = TextAlert.swift; sourceTree = "<group>"; };
		35A1A4F0279B294500A8CD1A /* Directory.swift */ = {isa = PBXFileReference; lastKnownFileType = sourcecode.swift; path = Directory.swift; sourceTree = "<group>"; };
		35A34A9F27A96C3E0093B8ED /* Document.swift */ = {isa = PBXFileReference; lastKnownFileType = sourcecode.swift; path = Document.swift; sourceTree = "<group>"; };
		35A34AA127A96C490093B8ED /* WordPad.swift */ = {isa = PBXFileReference; lastKnownFileType = sourcecode.swift; path = WordPad.swift; sourceTree = "<group>"; };
		35A34AA327A972260093B8ED /* WordPadView.swift */ = {isa = PBXFileReference; lastKnownFileType = sourcecode.swift; path = WordPadView.swift; sourceTree = "<group>"; };
		35A5C27C2798EF8200BBD3B2 /* Folder.swift */ = {isa = PBXFileReference; lastKnownFileType = sourcecode.swift; path = Folder.swift; sourceTree = "<group>"; };
		35BF4C8A2799CECE005D2D9B /* DirectoryView.swift */ = {isa = PBXFileReference; lastKnownFileType = sourcecode.swift; path = DirectoryView.swift; sourceTree = "<group>"; };
		35BF4C8E2799CF20005D2D9B /* SidebarView.swift */ = {isa = PBXFileReference; lastKnownFileType = sourcecode.swift; path = SidebarView.swift; sourceTree = "<group>"; };
		35E547D3279971910052C9D6 /* TextAlertView.swift */ = {isa = PBXFileReference; lastKnownFileType = sourcecode.swift; path = TextAlertView.swift; sourceTree = "<group>"; };
		35F3B69827981B1200E57466 /* CanvasView.swift */ = {isa = PBXFileReference; lastKnownFileType = sourcecode.swift; path = CanvasView.swift; sourceTree = "<group>"; };
		35F3B69C27981B6F00E57466 /* Note.swift */ = {isa = PBXFileReference; lastKnownFileType = sourcecode.swift; path = Note.swift; sourceTree = "<group>"; };
/* End PBXFileReference section */

/* Begin PBXFrameworksBuildPhase section */
		353D7456278FAC8B00C96CFF /* Frameworks */ = {
			isa = PBXFrameworksBuildPhase;
			buildActionMask = 2147483647;
			files = (
			);
			runOnlyForDeploymentPostprocessing = 0;
		};
/* End PBXFrameworksBuildPhase section */

/* Begin PBXGroup section */
		353D7450278FAC8B00C96CFF = {
			isa = PBXGroup;
			children = (
				353D745B278FAC8B00C96CFF /* Notes&Docs */,
				353D745A278FAC8B00C96CFF /* Products */,
			);
			sourceTree = "<group>";
		};
		353D745A278FAC8B00C96CFF /* Products */ = {
			isa = PBXGroup;
			children = (
				353D7459278FAC8B00C96CFF /* Notes&Docs.app */,
			);
			name = Products;
			sourceTree = "<group>";
		};
		353D745B278FAC8B00C96CFF /* Notes&Docs */ = {
			isa = PBXGroup;
			children = (
				353D745C278FAC8B00C96CFF /* Notes_DocsApp.swift */,
				353D745E278FAC8B00C96CFF /* ContentView.swift */,
				35A1A4ED279B28FD00A8CD1A /* View Models */,
				35BF4C912799CFD3005D2D9B /* Views */,
				35BF4C902799CFA7005D2D9B /* Models */,
				353D7462278FAC8C00C96CFF /* Preview Content */,
			);
			path = "Notes&Docs";
			sourceTree = "<group>";
		};
		353D7462278FAC8C00C96CFF /* Preview Content */ = {
			isa = PBXGroup;
			children = (
				353D7460278FAC8C00C96CFF /* Assets.xcassets */,
				353D7463278FAC8C00C96CFF /* Preview Assets.xcassets */,
			);
			path = "Preview Content";
			sourceTree = "<group>";
		};
		35A1A4ED279B28FD00A8CD1A /* View Models */ = {
			isa = PBXGroup;
			children = (
				35BF4C8A2799CECE005D2D9B /* DirectoryView.swift */,
				35F3B69827981B1200E57466 /* CanvasView.swift */,
				35638158278FB77B00296071 /* NoteView.swift */,
				35BF4C8E2799CF20005D2D9B /* SidebarView.swift */,
				353D746C278FAF7300C96CFF /* FileView.swift */,
				35A34AA327A972260093B8ED /* WordPadView.swift */,
			);
			path = "View Models";
			sourceTree = "<group>";
		};
		35BF4C902799CFA7005D2D9B /* Models */ = {
			isa = PBXGroup;
			children = (
				35F3B69C27981B6F00E57466 /* Note.swift */,
				35A5C27C2798EF8200BBD3B2 /* Folder.swift */,
				35A1A4EE279B291C00A8CD1A /* TextAlert.swift */,
				35A1A4F0279B294500A8CD1A /* Directory.swift */,
				35A34A9F27A96C3E0093B8ED /* Document.swift */,
				35A34AA127A96C490093B8ED /* WordPad.swift */,
				3566671627AD28B400490522 /* Item.swift */,
			);
			path = Models;
			sourceTree = "<group>";
		};
		35BF4C912799CFD3005D2D9B /* Views */ = {
			isa = PBXGroup;
			children = (
				35E547D3279971910052C9D6 /* TextAlertView.swift */,
			);
			path = Views;
			sourceTree = "<group>";
		};
/* End PBXGroup section */

/* Begin PBXNativeTarget section */
		353D7458278FAC8B00C96CFF /* Notes&Docs */ = {
			isa = PBXNativeTarget;
			buildConfigurationList = 353D7467278FAC8C00C96CFF /* Build configuration list for PBXNativeTarget "Notes&Docs" */;
			buildPhases = (
				353D7455278FAC8B00C96CFF /* Sources */,
				353D7456278FAC8B00C96CFF /* Frameworks */,
				353D7457278FAC8B00C96CFF /* Resources */,
			);
			buildRules = (
			);
			dependencies = (
			);
			name = "Notes&Docs";
			productName = "Notes&Docs";
			productReference = 353D7459278FAC8B00C96CFF /* Notes&Docs.app */;
			productType = "com.apple.product-type.application";
		};
/* End PBXNativeTarget section */

/* Begin PBXProject section */
		353D7451278FAC8B00C96CFF /* Project object */ = {
			isa = PBXProject;
			attributes = {
				BuildIndependentTargetsInParallel = 1;
				LastSwiftUpdateCheck = 1320;
				LastUpgradeCheck = 1320;
				TargetAttributes = {
					353D7458278FAC8B00C96CFF = {
						CreatedOnToolsVersion = 13.2.1;
					};
				};
			};
			buildConfigurationList = 353D7454278FAC8B00C96CFF /* Build configuration list for PBXProject "Notes&Docs" */;
			compatibilityVersion = "Xcode 13.0";
			developmentRegion = en;
			hasScannedForEncodings = 0;
			knownRegions = (
				en,
				Base,
			);
			mainGroup = 353D7450278FAC8B00C96CFF;
			productRefGroup = 353D745A278FAC8B00C96CFF /* Products */;
			projectDirPath = "";
			projectRoot = "";
			targets = (
				353D7458278FAC8B00C96CFF /* Notes&Docs */,
			);
		};
/* End PBXProject section */

/* Begin PBXResourcesBuildPhase section */
		353D7457278FAC8B00C96CFF /* Resources */ = {
			isa = PBXResourcesBuildPhase;
			buildActionMask = 2147483647;
			files = (
				353D7464278FAC8C00C96CFF /* Preview Assets.xcassets in Resources */,
				353D7461278FAC8C00C96CFF /* Assets.xcassets in Resources */,
			);
			runOnlyForDeploymentPostprocessing = 0;
		};
/* End PBXResourcesBuildPhase section */

/* Begin PBXSourcesBuildPhase section */
		353D7455278FAC8B00C96CFF /* Sources */ = {
			isa = PBXSourcesBuildPhase;
			buildActionMask = 2147483647;
			files = (
				35BF4C8B2799CECE005D2D9B /* DirectoryView.swift in Sources */,
				353D745F278FAC8B00C96CFF /* ContentView.swift in Sources */,
				35A34AA227A96C490093B8ED /* WordPad.swift in Sources */,
				353D746D278FAF7300C96CFF /* FileView.swift in Sources */,
				3566671727AD28B400490522 /* Item.swift in Sources */,
				35A1A4EF279B291C00A8CD1A /* TextAlert.swift in Sources */,
				35A1A4F1279B294500A8CD1A /* Directory.swift in Sources */,
				35F3B69D27981B6F00E57466 /* Note.swift in Sources */,
				35F3B69927981B1200E57466 /* CanvasView.swift in Sources */,
				35638159278FB77B00296071 /* NoteView.swift in Sources */,
				35BF4C8F2799CF20005D2D9B /* SidebarView.swift in Sources */,
				35A34AA027A96C3E0093B8ED /* Document.swift in Sources */,
				353D745D278FAC8B00C96CFF /* Notes_DocsApp.swift in Sources */,
				35E547D4279971910052C9D6 /* TextAlertView.swift in Sources */,
				35A34AA427A972260093B8ED /* WordPadView.swift in Sources */,
				35A5C27D2798EF8200BBD3B2 /* Folder.swift in Sources */,
			);
			runOnlyForDeploymentPostprocessing = 0;
		};
/* End PBXSourcesBuildPhase section */

/* Begin XCBuildConfiguration section */
		353D7465278FAC8C00C96CFF /* Debug */ = {
			isa = XCBuildConfiguration;
			buildSettings = {
				ALWAYS_SEARCH_USER_PATHS = NO;
				CLANG_ANALYZER_NONNULL = YES;
				CLANG_ANALYZER_NUMBER_OBJECT_CONVERSION = YES_AGGRESSIVE;
				CLANG_CXX_LANGUAGE_STANDARD = "gnu++17";
				CLANG_CXX_LIBRARY = "libc++";
				CLANG_ENABLE_MODULES = YES;
				CLANG_ENABLE_OBJC_ARC = YES;
				CLANG_ENABLE_OBJC_WEAK = YES;
				CLANG_WARN_BLOCK_CAPTURE_AUTORELEASING = YES;
				CLANG_WARN_BOOL_CONVERSION = YES;
				CLANG_WARN_COMMA = YES;
				CLANG_WARN_CONSTANT_CONVERSION = YES;
				CLANG_WARN_DEPRECATED_OBJC_IMPLEMENTATIONS = YES;
				CLANG_WARN_DIRECT_OBJC_ISA_USAGE = YES_ERROR;
				CLANG_WARN_DOCUMENTATION_COMMENTS = YES;
				CLANG_WARN_EMPTY_BODY = YES;
				CLANG_WARN_ENUM_CONVERSION = YES;
				CLANG_WARN_INFINITE_RECURSION = YES;
				CLANG_WARN_INT_CONVERSION = YES;
				CLANG_WARN_NON_LITERAL_NULL_CONVERSION = YES;
				CLANG_WARN_OBJC_IMPLICIT_RETAIN_SELF = YES;
				CLANG_WARN_OBJC_LITERAL_CONVERSION = YES;
				CLANG_WARN_OBJC_ROOT_CLASS = YES_ERROR;
				CLANG_WARN_QUOTED_INCLUDE_IN_FRAMEWORK_HEADER = YES;
				CLANG_WARN_RANGE_LOOP_ANALYSIS = YES;
				CLANG_WARN_STRICT_PROTOTYPES = YES;
				CLANG_WARN_SUSPICIOUS_MOVE = YES;
				CLANG_WARN_UNGUARDED_AVAILABILITY = YES_AGGRESSIVE;
				CLANG_WARN_UNREACHABLE_CODE = YES;
				CLANG_WARN__DUPLICATE_METHOD_MATCH = YES;
				COPY_PHASE_STRIP = NO;
				DEBUG_INFORMATION_FORMAT = dwarf;
				ENABLE_STRICT_OBJC_MSGSEND = YES;
				ENABLE_TESTABILITY = YES;
				GCC_C_LANGUAGE_STANDARD = gnu11;
				GCC_DYNAMIC_NO_PIC = NO;
				GCC_NO_COMMON_BLOCKS = YES;
				GCC_OPTIMIZATION_LEVEL = 0;
				GCC_PREPROCESSOR_DEFINITIONS = (
					"DEBUG=1",
					"$(inherited)",
				);
				GCC_WARN_64_TO_32_BIT_CONVERSION = YES;
				GCC_WARN_ABOUT_RETURN_TYPE = YES_ERROR;
				GCC_WARN_UNDECLARED_SELECTOR = YES;
				GCC_WARN_UNINITIALIZED_AUTOS = YES_AGGRESSIVE;
				GCC_WARN_UNUSED_FUNCTION = YES;
				GCC_WARN_UNUSED_VARIABLE = YES;
				IPHONEOS_DEPLOYMENT_TARGET = 15.2;
				MTL_ENABLE_DEBUG_INFO = INCLUDE_SOURCE;
				MTL_FAST_MATH = YES;
				ONLY_ACTIVE_ARCH = YES;
				SDKROOT = iphoneos;
				SWIFT_ACTIVE_COMPILATION_CONDITIONS = DEBUG;
				SWIFT_OPTIMIZATION_LEVEL = "-Onone";
			};
			name = Debug;
		};
		353D7466278FAC8C00C96CFF /* Release */ = {
			isa = XCBuildConfiguration;
			buildSettings = {
				ALWAYS_SEARCH_USER_PATHS = NO;
				CLANG_ANALYZER_NONNULL = YES;
				CLANG_ANALYZER_NUMBER_OBJECT_CONVERSION = YES_AGGRESSIVE;
				CLANG_CXX_LANGUAGE_STANDARD = "gnu++17";
				CLANG_CXX_LIBRARY = "libc++";
				CLANG_ENABLE_MODULES = YES;
				CLANG_ENABLE_OBJC_ARC = YES;
				CLANG_ENABLE_OBJC_WEAK = YES;
				CLANG_WARN_BLOCK_CAPTURE_AUTORELEASING = YES;
				CLANG_WARN_BOOL_CONVERSION = YES;
				CLANG_WARN_COMMA = YES;
				CLANG_WARN_CONSTANT_CONVERSION = YES;
				CLANG_WARN_DEPRECATED_OBJC_IMPLEMENTATIONS = YES;
				CLANG_WARN_DIRECT_OBJC_ISA_USAGE = YES_ERROR;
				CLANG_WARN_DOCUMENTATION_COMMENTS = YES;
				CLANG_WARN_EMPTY_BODY = YES;
				CLANG_WARN_ENUM_CONVERSION = YES;
				CLANG_WARN_INFINITE_RECURSION = YES;
				CLANG_WARN_INT_CONVERSION = YES;
				CLANG_WARN_NON_LITERAL_NULL_CONVERSION = YES;
				CLANG_WARN_OBJC_IMPLICIT_RETAIN_SELF = YES;
				CLANG_WARN_OBJC_LITERAL_CONVERSION = YES;
				CLANG_WARN_OBJC_ROOT_CLASS = YES_ERROR;
				CLANG_WARN_QUOTED_INCLUDE_IN_FRAMEWORK_HEADER = YES;
				CLANG_WARN_RANGE_LOOP_ANALYSIS = YES;
				CLANG_WARN_STRICT_PROTOTYPES = YES;
				CLANG_WARN_SUSPICIOUS_MOVE = YES;
				CLANG_WARN_UNGUARDED_AVAILABILITY = YES_AGGRESSIVE;
				CLANG_WARN_UNREACHABLE_CODE = YES;
				CLANG_WARN__DUPLICATE_METHOD_MATCH = YES;
				COPY_PHASE_STRIP = NO;
				DEBUG_INFORMATION_FORMAT = "dwarf-with-dsym";
				ENABLE_NS_ASSERTIONS = NO;
				ENABLE_STRICT_OBJC_MSGSEND = YES;
				GCC_C_LANGUAGE_STANDARD = gnu11;
				GCC_NO_COMMON_BLOCKS = YES;
				GCC_WARN_64_TO_32_BIT_CONVERSION = YES;
				GCC_WARN_ABOUT_RETURN_TYPE = YES_ERROR;
				GCC_WARN_UNDECLARED_SELECTOR = YES;
				GCC_WARN_UNINITIALIZED_AUTOS = YES_AGGRESSIVE;
				GCC_WARN_UNUSED_FUNCTION = YES;
				GCC_WARN_UNUSED_VARIABLE = YES;
				IPHONEOS_DEPLOYMENT_TARGET = 15.2;
				MTL_ENABLE_DEBUG_INFO = NO;
				MTL_FAST_MATH = YES;
				SDKROOT = iphoneos;
				SWIFT_COMPILATION_MODE = wholemodule;
				SWIFT_OPTIMIZATION_LEVEL = "-O";
				VALIDATE_PRODUCT = YES;
			};
			name = Release;
		};
		353D7468278FAC8C00C96CFF /* Debug */ = {
			isa = XCBuildConfiguration;
			buildSettings = {
				ASSETCATALOG_COMPILER_APPICON_NAME = AppIcon;
				ASSETCATALOG_COMPILER_GLOBAL_ACCENT_COLOR_NAME = AccentColor;
				CODE_SIGN_STYLE = Automatic;
				CURRENT_PROJECT_VERSION = 1;
				DEVELOPMENT_ASSET_PATHS = "\"Notes&Docs/Preview Content\"";
				DEVELOPMENT_TEAM = SMF8LFK995;
				ENABLE_PREVIEWS = YES;
				GENERATE_INFOPLIST_FILE = YES;
				INFOPLIST_KEY_UIApplicationSceneManifest_Generation = YES;
				INFOPLIST_KEY_UIApplicationSupportsIndirectInputEvents = YES;
				INFOPLIST_KEY_UILaunchScreen_Generation = YES;
				INFOPLIST_KEY_UISupportedInterfaceOrientations_iPad = "UIInterfaceOrientationPortrait UIInterfaceOrientationPortraitUpsideDown UIInterfaceOrientationLandscapeLeft UIInterfaceOrientationLandscapeRight";
				INFOPLIST_KEY_UISupportedInterfaceOrientations_iPhone = "UIInterfaceOrientationPortrait UIInterfaceOrientationLandscapeLeft UIInterfaceOrientationLandscapeRight";
				IPHONEOS_DEPLOYMENT_TARGET = 15.1;
				LD_RUNPATH_SEARCH_PATHS = (
					"$(inherited)",
					"@executable_path/Frameworks",
				);
				MARKETING_VERSION = 1.0;
				PRODUCT_BUNDLE_IDENTIFIER = "com.techisawesome.Notes-Docs";
				PRODUCT_NAME = "$(TARGET_NAME)";
				SWIFT_EMIT_LOC_STRINGS = YES;
				SWIFT_VERSION = 5.0;
				TARGETED_DEVICE_FAMILY = "1,2";
			};
			name = Debug;
		};
		353D7469278FAC8C00C96CFF /* Release */ = {
			isa = XCBuildConfiguration;
			buildSettings = {
				ASSETCATALOG_COMPILER_APPICON_NAME = AppIcon;
				ASSETCATALOG_COMPILER_GLOBAL_ACCENT_COLOR_NAME = AccentColor;
				CODE_SIGN_STYLE = Automatic;
				CURRENT_PROJECT_VERSION = 1;
				DEVELOPMENT_ASSET_PATHS = "\"Notes&Docs/Preview Content\"";
				DEVELOPMENT_TEAM = SMF8LFK995;
				ENABLE_PREVIEWS = YES;
				GENERATE_INFOPLIST_FILE = YES;
				INFOPLIST_KEY_UIApplicationSceneManifest_Generation = YES;
				INFOPLIST_KEY_UIApplicationSupportsIndirectInputEvents = YES;
				INFOPLIST_KEY_UILaunchScreen_Generation = YES;
				INFOPLIST_KEY_UISupportedInterfaceOrientations_iPad = "UIInterfaceOrientationPortrait UIInterfaceOrientationPortraitUpsideDown UIInterfaceOrientationLandscapeLeft UIInterfaceOrientationLandscapeRight";
				INFOPLIST_KEY_UISupportedInterfaceOrientations_iPhone = "UIInterfaceOrientationPortrait UIInterfaceOrientationLandscapeLeft UIInterfaceOrientationLandscapeRight";
				IPHONEOS_DEPLOYMENT_TARGET = 15.1;
				LD_RUNPATH_SEARCH_PATHS = (
					"$(inherited)",
					"@executable_path/Frameworks",
				);
				MARKETING_VERSION = 1.0;
				PRODUCT_BUNDLE_IDENTIFIER = "com.techisawesome.Notes-Docs";
				PRODUCT_NAME = "$(TARGET_NAME)";
				SWIFT_EMIT_LOC_STRINGS = YES;
				SWIFT_VERSION = 5.0;
				TARGETED_DEVICE_FAMILY = "1,2";
			};
			name = Release;
		};
/* End XCBuildConfiguration section */

/* Begin XCConfigurationList section */
		353D7454278FAC8B00C96CFF /* Build configuration list for PBXProject "Notes&Docs" */ = {
			isa = XCConfigurationList;
			buildConfigurations = (
				353D7465278FAC8C00C96CFF /* Debug */,
				353D7466278FAC8C00C96CFF /* Release */,
			);
			defaultConfigurationIsVisible = 0;
			defaultConfigurationName = Release;
		};
		353D7467278FAC8C00C96CFF /* Build configuration list for PBXNativeTarget "Notes&Docs" */ = {
			isa = XCConfigurationList;
			buildConfigurations = (
				353D7468278FAC8C00C96CFF /* Debug */,
				353D7469278FAC8C00C96CFF /* Release */,
			);
			defaultConfigurationIsVisible = 0;
			defaultConfigurationName = Release;
		};
/* End XCConfigurationList section */
	};
	rootObject = 353D7451278FAC8B00C96CFF /* Project object */;
}
