// !$*UTF8*$!
{
	archiveVersion = 1;
	classes = {
	};
	objectVersion = 55;
	objects = {

/* Begin PBXBuildFile section */
		35195188298277B1006BCA8F /* editor.html in Resources */ = {isa = PBXBuildFile; fileRef = 35195187298277B1006BCA8F /* editor.html */; };
		3519518A29827941006BCA8F /* tinymce in Resources */ = {isa = PBXBuildFile; fileRef = 3519518929827941006BCA8F /* tinymce */; };
		3519518D2982AC9C006BCA8F /* editor.js in Resources */ = {isa = PBXBuildFile; fileRef = 3519518C2982AC9C006BCA8F /* editor.js */; };
		353B106D29067DE800A4C048 /* Launch Screen.storyboard in Resources */ = {isa = PBXBuildFile; fileRef = 350F24462905B26F0032EC6E /* Launch Screen.storyboard */; };
		353B106F290680F100A4C048 /* Preview Assets.xcassets in Resources */ = {isa = PBXBuildFile; fileRef = 353D7463278FAC8C00C96CFF /* Preview Assets.xcassets */; };
		354F54E129869672002A83DD /* TableViewCell.swift in Sources */ = {isa = PBXBuildFile; fileRef = 354F54DF29869672002A83DD /* TableViewCell.swift */; };
		354F54E229869672002A83DD /* TableViewCell.xib in Resources */ = {isa = PBXBuildFile; fileRef = 354F54E029869672002A83DD /* TableViewCell.xib */; };
		354F54E62986EC6C002A83DD /* NavigationController.swift in Sources */ = {isa = PBXBuildFile; fileRef = 354F54E52986EC6C002A83DD /* NavigationController.swift */; };
		35765E122986F0190032E2B3 /* CollectionViewController.swift in Sources */ = {isa = PBXBuildFile; fileRef = 35765E112986F0190032E2B3 /* CollectionViewController.swift */; };
		359BA6062906771C00326A2F /* Harmony.xcdatamodeld in Sources */ = {isa = PBXBuildFile; fileRef = 359BA603290676C600326A2F /* Harmony.xcdatamodeld */; };
		35AEB58229866FEC0015601B /* SplitViewController.swift in Sources */ = {isa = PBXBuildFile; fileRef = 35AEB58129866FEC0015601B /* SplitViewController.swift */; };
		35AEB585298670950015601B /* SplitViewController.storyboard in Resources */ = {isa = PBXBuildFile; fileRef = 35AEB584298670950015601B /* SplitViewController.storyboard */; };
		35AEB587298674990015601B /* TableTableViewController.swift in Sources */ = {isa = PBXBuildFile; fileRef = 35AEB586298674990015601B /* TableTableViewController.swift */; };
		35AEB58929867A5E0015601B /* FolderViewController.swift in Sources */ = {isa = PBXBuildFile; fileRef = 35AEB58829867A5E0015601B /* FolderViewController.swift */; };
		35B065BC29067175000A3BD2 /* CloudKit.framework in Frameworks */ = {isa = PBXBuildFile; fileRef = 35BC86AA27B94BF8007E8688 /* CloudKit.framework */; };
		35F616E22906749700122803 /* Harmony.swift in Sources */ = {isa = PBXBuildFile; fileRef = 353D745C278FAC8B00C96CFF /* Harmony.swift */; };
		35F616E32906749700122803 /* ContentView.swift in Sources */ = {isa = PBXBuildFile; fileRef = 353D745E278FAC8B00C96CFF /* ContentView.swift */; };
		35F616E42906749700122803 /* Page+CoreDataClass.swift in Sources */ = {isa = PBXBuildFile; fileRef = 35F52E0C27DFB9FB003E7BF3 /* Page+CoreDataClass.swift */; };
		35F616E52906749700122803 /* Document+CoreDataClass.swift in Sources */ = {isa = PBXBuildFile; fileRef = 350E9F5827BAD89A0010C41E /* Document+CoreDataClass.swift */; };
		35F616E62906749700122803 /* Folder+CoreDataClass.swift in Sources */ = {isa = PBXBuildFile; fileRef = 350E9F5A27BAD89A0010C41E /* Folder+CoreDataClass.swift */; };
		35F616E72906749700122803 /* WordPad+CoreDataClass.swift in Sources */ = {isa = PBXBuildFile; fileRef = 350E9F5C27BAD89A0010C41E /* WordPad+CoreDataClass.swift */; };
		35F616E82906749700122803 /* Note+CoreDataClass.swift in Sources */ = {isa = PBXBuildFile; fileRef = 350E9F5E27BAD89A0010C41E /* Note+CoreDataClass.swift */; };
		35F616E92906749700122803 /* Item+CoreDataClass.swift in Sources */ = {isa = PBXBuildFile; fileRef = 350E9F6027BAD89A0010C41E /* Item+CoreDataClass.swift */; };
		35F616EA2906749700122803 /* DirectoryView.swift in Sources */ = {isa = PBXBuildFile; fileRef = 35BF4C8A2799CECE005D2D9B /* DirectoryView.swift */; };
		35F616EB2906749700122803 /* CanvasView.swift in Sources */ = {isa = PBXBuildFile; fileRef = 35F3B69827981B1200E57466 /* CanvasView.swift */; };
		35F616EC2906749700122803 /* NoteView.swift in Sources */ = {isa = PBXBuildFile; fileRef = 35638158278FB77B00296071 /* NoteView.swift */; };
		35F616ED2906749700122803 /* SidebarView.swift in Sources */ = {isa = PBXBuildFile; fileRef = 35BF4C8E2799CF20005D2D9B /* SidebarView.swift */; };
		35F616EE2906749700122803 /* FileView.swift in Sources */ = {isa = PBXBuildFile; fileRef = 353D746C278FAF7300C96CFF /* FileView.swift */; };
		35F616EF2906749700122803 /* WordPadView.swift in Sources */ = {isa = PBXBuildFile; fileRef = 35A34AA327A972260093B8ED /* WordPadView.swift */; };
		35F616F02906749700122803 /* FileNavigationView.swift in Sources */ = {isa = PBXBuildFile; fileRef = 35F13C4727B526280001B052 /* FileNavigationView.swift */; };
		35F616F12906749700122803 /* TextAlertView.swift in Sources */ = {isa = PBXBuildFile; fileRef = 35E547D3279971910052C9D6 /* TextAlertView.swift */; };
		35F616F22906749700122803 /* TextEditorView.swift in Sources */ = {isa = PBXBuildFile; fileRef = 3524A45F27DF5073007DE74B /* TextEditorView.swift */; };
		35F616F32906749700122803 /* CanvasController.swift in Sources */ = {isa = PBXBuildFile; fileRef = 351B9C0E27BF9B330092E46D /* CanvasController.swift */; };
		35F616F42906749700122803 /* TextAlert.swift in Sources */ = {isa = PBXBuildFile; fileRef = 35A1A4EE279B291C00A8CD1A /* TextAlert.swift */; };
		35F616F52906749700122803 /* DataController.swift in Sources */ = {isa = PBXBuildFile; fileRef = 35CD468D27B60B5E00AA13C6 /* DataController.swift */; };
		35F616F62906749700122803 /* SortMethod.swift in Sources */ = {isa = PBXBuildFile; fileRef = 35242AEC27C8C9C40037A91B /* SortMethod.swift */; };
		35F616F72906749700122803 /* LabelButton.swift in Sources */ = {isa = PBXBuildFile; fileRef = 35242AF027C8D0B50037A91B /* LabelButton.swift */; };
		35F616F82906749700122803 /* UpdateView.swift in Sources */ = {isa = PBXBuildFile; fileRef = 35AA7ACC27D330E70009918C /* UpdateView.swift */; };
		35FA8C112906A0C7007D5DD9 /* Media.xcassets in Resources */ = {isa = PBXBuildFile; fileRef = 35FA8C102906A0C7007D5DD9 /* Media.xcassets */; };
/* End PBXBuildFile section */

/* Begin PBXFileReference section */
		350E9F5827BAD89A0010C41E /* Document+CoreDataClass.swift */ = {isa = PBXFileReference; lastKnownFileType = sourcecode.swift; path = "Document+CoreDataClass.swift"; sourceTree = "<group>"; };
		350E9F5A27BAD89A0010C41E /* Folder+CoreDataClass.swift */ = {isa = PBXFileReference; lastKnownFileType = sourcecode.swift; path = "Folder+CoreDataClass.swift"; sourceTree = "<group>"; };
		350E9F5C27BAD89A0010C41E /* WordPad+CoreDataClass.swift */ = {isa = PBXFileReference; lastKnownFileType = sourcecode.swift; path = "WordPad+CoreDataClass.swift"; sourceTree = "<group>"; };
		350E9F5E27BAD89A0010C41E /* Note+CoreDataClass.swift */ = {isa = PBXFileReference; lastKnownFileType = sourcecode.swift; path = "Note+CoreDataClass.swift"; sourceTree = "<group>"; };
		350E9F6027BAD89A0010C41E /* Item+CoreDataClass.swift */ = {isa = PBXFileReference; lastKnownFileType = sourcecode.swift; path = "Item+CoreDataClass.swift"; sourceTree = "<group>"; };
		350F24462905B26F0032EC6E /* Launch Screen.storyboard */ = {isa = PBXFileReference; lastKnownFileType = file.storyboard; path = "Launch Screen.storyboard"; sourceTree = "<group>"; };
		35195187298277B1006BCA8F /* editor.html */ = {isa = PBXFileReference; lastKnownFileType = text.html; path = editor.html; sourceTree = "<group>"; };
		3519518929827941006BCA8F /* tinymce */ = {isa = PBXFileReference; lastKnownFileType = folder; path = tinymce; sourceTree = "<group>"; };
		3519518C2982AC9C006BCA8F /* editor.js */ = {isa = PBXFileReference; lastKnownFileType = sourcecode.javascript; path = editor.js; sourceTree = "<group>"; };
		351B9C0E27BF9B330092E46D /* CanvasController.swift */ = {isa = PBXFileReference; lastKnownFileType = sourcecode.swift; path = CanvasController.swift; sourceTree = "<group>"; };
		35242AEC27C8C9C40037A91B /* SortMethod.swift */ = {isa = PBXFileReference; lastKnownFileType = sourcecode.swift; path = SortMethod.swift; sourceTree = "<group>"; };
		35242AF027C8D0B50037A91B /* LabelButton.swift */ = {isa = PBXFileReference; lastKnownFileType = sourcecode.swift; path = LabelButton.swift; sourceTree = "<group>"; };
		3524A45F27DF5073007DE74B /* TextEditorView.swift */ = {isa = PBXFileReference; lastKnownFileType = sourcecode.swift; path = TextEditorView.swift; sourceTree = "<group>"; };
		353D745C278FAC8B00C96CFF /* Harmony.swift */ = {isa = PBXFileReference; lastKnownFileType = sourcecode.swift; path = Harmony.swift; sourceTree = "<group>"; };
		353D745E278FAC8B00C96CFF /* ContentView.swift */ = {isa = PBXFileReference; lastKnownFileType = sourcecode.swift; path = ContentView.swift; sourceTree = "<group>"; };
		353D7463278FAC8C00C96CFF /* Preview Assets.xcassets */ = {isa = PBXFileReference; lastKnownFileType = folder.assetcatalog; path = "Preview Assets.xcassets"; sourceTree = "<group>"; };
		353D746C278FAF7300C96CFF /* FileView.swift */ = {isa = PBXFileReference; lastKnownFileType = sourcecode.swift; path = FileView.swift; sourceTree = "<group>"; };
		354F54DF29869672002A83DD /* TableViewCell.swift */ = {isa = PBXFileReference; lastKnownFileType = sourcecode.swift; path = TableViewCell.swift; sourceTree = "<group>"; };
		354F54E029869672002A83DD /* TableViewCell.xib */ = {isa = PBXFileReference; lastKnownFileType = file.xib; path = TableViewCell.xib; sourceTree = "<group>"; };
		354F54E52986EC6C002A83DD /* NavigationController.swift */ = {isa = PBXFileReference; lastKnownFileType = sourcecode.swift; path = NavigationController.swift; sourceTree = "<group>"; };
		35638158278FB77B00296071 /* NoteView.swift */ = {isa = PBXFileReference; lastKnownFileType = sourcecode.swift; path = NoteView.swift; sourceTree = "<group>"; };
		35765E112986F0190032E2B3 /* CollectionViewController.swift */ = {isa = PBXFileReference; lastKnownFileType = sourcecode.swift; path = CollectionViewController.swift; sourceTree = "<group>"; };
		359BA604290676C600326A2F /* Harmony.xcdatamodel */ = {isa = PBXFileReference; lastKnownFileType = wrapper.xcdatamodel; path = Harmony.xcdatamodel; sourceTree = "<group>"; };
		359BA6072906782300326A2F /* Harmony 2.xcdatamodel */ = {isa = PBXFileReference; lastKnownFileType = wrapper.xcdatamodel; path = "Harmony 2.xcdatamodel"; sourceTree = "<group>"; };
		35A1A4EE279B291C00A8CD1A /* TextAlert.swift */ = {isa = PBXFileReference; lastKnownFileType = sourcecode.swift; path = TextAlert.swift; sourceTree = "<group>"; };
		35A34AA327A972260093B8ED /* WordPadView.swift */ = {isa = PBXFileReference; lastKnownFileType = sourcecode.swift; path = WordPadView.swift; sourceTree = "<group>"; };
		35AA7ACC27D330E70009918C /* UpdateView.swift */ = {isa = PBXFileReference; lastKnownFileType = sourcecode.swift; path = UpdateView.swift; sourceTree = "<group>"; };
		35AEB58129866FEC0015601B /* SplitViewController.swift */ = {isa = PBXFileReference; lastKnownFileType = sourcecode.swift; path = SplitViewController.swift; sourceTree = "<group>"; };
		35AEB584298670950015601B /* SplitViewController.storyboard */ = {isa = PBXFileReference; lastKnownFileType = file.storyboard; path = SplitViewController.storyboard; sourceTree = "<group>"; };
		35AEB586298674990015601B /* TableTableViewController.swift */ = {isa = PBXFileReference; lastKnownFileType = sourcecode.swift; path = TableTableViewController.swift; sourceTree = "<group>"; };
		35AEB58829867A5E0015601B /* FolderViewController.swift */ = {isa = PBXFileReference; lastKnownFileType = sourcecode.swift; path = FolderViewController.swift; sourceTree = "<group>"; };
		35B065A7290670AD000A3BD2 /* Harmony.app */ = {isa = PBXFileReference; explicitFileType = wrapper.application; includeInIndex = 0; path = Harmony.app; sourceTree = BUILT_PRODUCTS_DIR; };
		35BA746C298575E0003D0ABD /* HarmonyTests.swift */ = {isa = PBXFileReference; lastKnownFileType = sourcecode.swift; path = HarmonyTests.swift; sourceTree = "<group>"; };
		35BC86AA27B94BF8007E8688 /* CloudKit.framework */ = {isa = PBXFileReference; lastKnownFileType = wrapper.framework; name = CloudKit.framework; path = System/Library/Frameworks/CloudKit.framework; sourceTree = SDKROOT; };
		35BF4C8A2799CECE005D2D9B /* DirectoryView.swift */ = {isa = PBXFileReference; lastKnownFileType = sourcecode.swift; path = DirectoryView.swift; sourceTree = "<group>"; };
		35BF4C8E2799CF20005D2D9B /* SidebarView.swift */ = {isa = PBXFileReference; lastKnownFileType = sourcecode.swift; path = SidebarView.swift; sourceTree = "<group>"; };
		35CD468D27B60B5E00AA13C6 /* DataController.swift */ = {isa = PBXFileReference; lastKnownFileType = sourcecode.swift; path = DataController.swift; sourceTree = "<group>"; };
		35D9974427BADF080048A108 /* Harmony.entitlements */ = {isa = PBXFileReference; lastKnownFileType = text.plist.entitlements; path = Harmony.entitlements; sourceTree = "<group>"; };
		35E547D3279971910052C9D6 /* TextAlertView.swift */ = {isa = PBXFileReference; lastKnownFileType = sourcecode.swift; path = TextAlertView.swift; sourceTree = "<group>"; };
		35F13C4727B526280001B052 /* FileNavigationView.swift */ = {isa = PBXFileReference; lastKnownFileType = sourcecode.swift; path = FileNavigationView.swift; sourceTree = "<group>"; };
		35F3B69827981B1200E57466 /* CanvasView.swift */ = {isa = PBXFileReference; lastKnownFileType = sourcecode.swift; path = CanvasView.swift; sourceTree = "<group>"; };
		35F52E0C27DFB9FB003E7BF3 /* Page+CoreDataClass.swift */ = {isa = PBXFileReference; lastKnownFileType = sourcecode.swift; path = "Page+CoreDataClass.swift"; sourceTree = "<group>"; };
		35FA8C102906A0C7007D5DD9 /* Media.xcassets */ = {isa = PBXFileReference; lastKnownFileType = folder.assetcatalog; path = Media.xcassets; sourceTree = "<group>"; };
/* End PBXFileReference section */

/* Begin PBXFrameworksBuildPhase section */
		35B065A4290670AD000A3BD2 /* Frameworks */ = {
			isa = PBXFrameworksBuildPhase;
			buildActionMask = 2147483647;
			files = (
				35B065BC29067175000A3BD2 /* CloudKit.framework in Frameworks */,
			);
			runOnlyForDeploymentPostprocessing = 0;
		};
/* End PBXFrameworksBuildPhase section */

/* Begin PBXGroup section */
		351951862982776A006BCA8F /* web */ = {
			isa = PBXGroup;
			children = (
				3519518929827941006BCA8F /* tinymce */,
				35195187298277B1006BCA8F /* editor.html */,
				3519518C2982AC9C006BCA8F /* editor.js */,
			);
			path = web;
			sourceTree = "<group>";
		};
		353D7450278FAC8B00C96CFF = {
			isa = PBXGroup;
			children = (
				353D745B278FAC8B00C96CFF /* Harmony */,
				35BA746B298575E0003D0ABD /* HarmonyTests */,
				353D745A278FAC8B00C96CFF /* Products */,
				35BC86A927B94BF8007E8688 /* Frameworks */,
			);
			sourceTree = "<group>";
		};
		353D745A278FAC8B00C96CFF /* Products */ = {
			isa = PBXGroup;
			children = (
				35B065A7290670AD000A3BD2 /* Harmony.app */,
			);
			name = Products;
			sourceTree = "<group>";
		};
		353D745B278FAC8B00C96CFF /* Harmony */ = {
			isa = PBXGroup;
			children = (
				35AEB583298670810015601B /* View Controllers */,
				350F24462905B26F0032EC6E /* Launch Screen.storyboard */,
				35D9974427BADF080048A108 /* Harmony.entitlements */,
				353D745C278FAC8B00C96CFF /* Harmony.swift */,
				359BA603290676C600326A2F /* Harmony.xcdatamodeld */,
				353D745E278FAC8B00C96CFF /* ContentView.swift */,
				35A1A4ED279B28FD00A8CD1A /* View Models */,
				35BF4C912799CFD3005D2D9B /* Views */,
				351951862982776A006BCA8F /* web */,
				35BF4C902799CFA7005D2D9B /* Models */,
				353D7462278FAC8C00C96CFF /* Preview Content */,
				35FA8C102906A0C7007D5DD9 /* Media.xcassets */,
			);
			path = Harmony;
			sourceTree = "<group>";
		};
		353D7462278FAC8C00C96CFF /* Preview Content */ = {
			isa = PBXGroup;
			children = (
				353D7463278FAC8C00C96CFF /* Preview Assets.xcassets */,
			);
			path = "Preview Content";
			sourceTree = "<group>";
		};
		35A1A4ED279B28FD00A8CD1A /* View Models */ = {
			isa = PBXGroup;
			children = (
				35F52E0C27DFB9FB003E7BF3 /* Page+CoreDataClass.swift */,
				350E9F5827BAD89A0010C41E /* Document+CoreDataClass.swift */,
				350E9F5A27BAD89A0010C41E /* Folder+CoreDataClass.swift */,
				350E9F5C27BAD89A0010C41E /* WordPad+CoreDataClass.swift */,
				350E9F5E27BAD89A0010C41E /* Note+CoreDataClass.swift */,
				350E9F6027BAD89A0010C41E /* Item+CoreDataClass.swift */,
			);
			path = "View Models";
			sourceTree = "<group>";
		};
		35AEB583298670810015601B /* View Controllers */ = {
			isa = PBXGroup;
			children = (
				35AEB58129866FEC0015601B /* SplitViewController.swift */,
				35AEB584298670950015601B /* SplitViewController.storyboard */,
				35765E112986F0190032E2B3 /* CollectionViewController.swift */,
				35AEB586298674990015601B /* TableTableViewController.swift */,
				35AEB58829867A5E0015601B /* FolderViewController.swift */,
				354F54DF29869672002A83DD /* TableViewCell.swift */,
				354F54E029869672002A83DD /* TableViewCell.xib */,
				354F54E52986EC6C002A83DD /* NavigationController.swift */,
			);
			path = "View Controllers";
			sourceTree = "<group>";
		};
		35BA746B298575E0003D0ABD /* HarmonyTests */ = {
			isa = PBXGroup;
			children = (
				35BA746C298575E0003D0ABD /* HarmonyTests.swift */,
			);
			path = HarmonyTests;
			sourceTree = "<group>";
		};
		35BC86A927B94BF8007E8688 /* Frameworks */ = {
			isa = PBXGroup;
			children = (
				35BC86AA27B94BF8007E8688 /* CloudKit.framework */,
			);
			name = Frameworks;
			sourceTree = "<group>";
		};
		35BF4C902799CFA7005D2D9B /* Models */ = {
			isa = PBXGroup;
			children = (
				351B9C0E27BF9B330092E46D /* CanvasController.swift */,
				35A1A4EE279B291C00A8CD1A /* TextAlert.swift */,
				35CD468D27B60B5E00AA13C6 /* DataController.swift */,
				35242AEC27C8C9C40037A91B /* SortMethod.swift */,
				35242AF027C8D0B50037A91B /* LabelButton.swift */,
				35AA7ACC27D330E70009918C /* UpdateView.swift */,
			);
			path = Models;
			sourceTree = "<group>";
		};
		35BF4C912799CFD3005D2D9B /* Views */ = {
			isa = PBXGroup;
			children = (
				35BF4C8A2799CECE005D2D9B /* DirectoryView.swift */,
				35F3B69827981B1200E57466 /* CanvasView.swift */,
				35638158278FB77B00296071 /* NoteView.swift */,
				35BF4C8E2799CF20005D2D9B /* SidebarView.swift */,
				353D746C278FAF7300C96CFF /* FileView.swift */,
				35A34AA327A972260093B8ED /* WordPadView.swift */,
				35F13C4727B526280001B052 /* FileNavigationView.swift */,
				35E547D3279971910052C9D6 /* TextAlertView.swift */,
				3524A45F27DF5073007DE74B /* TextEditorView.swift */,
			);
			path = Views;
			sourceTree = "<group>";
		};
/* End PBXGroup section */

/* Begin PBXNativeTarget section */
		35B065A6290670AD000A3BD2 /* Harmony */ = {
			isa = PBXNativeTarget;
			buildConfigurationList = 35B065B9290670AE000A3BD2 /* Build configuration list for PBXNativeTarget "Harmony" */;
			buildPhases = (
				35B065DC290673B6000A3BD2 /* Sources */,
				35B065A4290670AD000A3BD2 /* Frameworks */,
				35B065A5290670AD000A3BD2 /* Resources */,
			);
			buildRules = (
			);
			dependencies = (
			);
			name = Harmony;
			productName = Harmony;
			productReference = 35B065A7290670AD000A3BD2 /* Harmony.app */;
			productType = "com.apple.product-type.application";
		};
/* End PBXNativeTarget section */

/* Begin PBXProject section */
		353D7451278FAC8B00C96CFF /* Project object */ = {
			isa = PBXProject;
			attributes = {
				BuildIndependentTargetsInParallel = 1;
				LastSwiftUpdateCheck = 1420;
				LastUpgradeCheck = 1320;
				TargetAttributes = {
					35B065A6290670AD000A3BD2 = {
						CreatedOnToolsVersion = 14.0.1;
					};
				};
			};
			buildConfigurationList = 353D7454278FAC8B00C96CFF /* Build configuration list for PBXProject "Harmony" */;
			compatibilityVersion = "Xcode 13.0";
			developmentRegion = en;
			hasScannedForEncodings = 0;
			knownRegions = (
				en,
				Base,
			);
			mainGroup = 353D7450278FAC8B00C96CFF;
			packageReferences = (
			);
			productRefGroup = 353D745A278FAC8B00C96CFF /* Products */;
			projectDirPath = "";
			projectRoot = "";
			targets = (
				35B065A6290670AD000A3BD2 /* Harmony */,
			);
		};
/* End PBXProject section */

/* Begin PBXResourcesBuildPhase section */
		35B065A5290670AD000A3BD2 /* Resources */ = {
			isa = PBXResourcesBuildPhase;
			buildActionMask = 2147483647;
			files = (
				353B106D29067DE800A4C048 /* Launch Screen.storyboard in Resources */,
				35195188298277B1006BCA8F /* editor.html in Resources */,
				35FA8C112906A0C7007D5DD9 /* Media.xcassets in Resources */,
				3519518A29827941006BCA8F /* tinymce in Resources */,
				35AEB585298670950015601B /* SplitViewController.storyboard in Resources */,
				354F54E229869672002A83DD /* TableViewCell.xib in Resources */,
				353B106F290680F100A4C048 /* Preview Assets.xcassets in Resources */,
				3519518D2982AC9C006BCA8F /* editor.js in Resources */,
			);
			runOnlyForDeploymentPostprocessing = 0;
		};
/* End PBXResourcesBuildPhase section */

/* Begin PBXSourcesBuildPhase section */
		35B065DC290673B6000A3BD2 /* Sources */ = {
			isa = PBXSourcesBuildPhase;
			buildActionMask = 2147483647;
			files = (
				359BA6062906771C00326A2F /* Harmony.xcdatamodeld in Sources */,
				35F616E22906749700122803 /* Harmony.swift in Sources */,
				35F616E32906749700122803 /* ContentView.swift in Sources */,
				35F616E42906749700122803 /* Page+CoreDataClass.swift in Sources */,
				35F616E52906749700122803 /* Document+CoreDataClass.swift in Sources */,
				35F616E62906749700122803 /* Folder+CoreDataClass.swift in Sources */,
				354F54E62986EC6C002A83DD /* NavigationController.swift in Sources */,
				35F616E72906749700122803 /* WordPad+CoreDataClass.swift in Sources */,
				35F616E82906749700122803 /* Note+CoreDataClass.swift in Sources */,
				35AEB58929867A5E0015601B /* FolderViewController.swift in Sources */,
				354F54E129869672002A83DD /* TableViewCell.swift in Sources */,
				35765E122986F0190032E2B3 /* CollectionViewController.swift in Sources */,
				35F616E92906749700122803 /* Item+CoreDataClass.swift in Sources */,
				35AEB58229866FEC0015601B /* SplitViewController.swift in Sources */,
				35F616EA2906749700122803 /* DirectoryView.swift in Sources */,
				35F616EB2906749700122803 /* CanvasView.swift in Sources */,
				35F616EC2906749700122803 /* NoteView.swift in Sources */,
				35F616ED2906749700122803 /* SidebarView.swift in Sources */,
				35F616EE2906749700122803 /* FileView.swift in Sources */,
				35F616EF2906749700122803 /* WordPadView.swift in Sources */,
				35F616F02906749700122803 /* FileNavigationView.swift in Sources */,
				35F616F12906749700122803 /* TextAlertView.swift in Sources */,
				35F616F22906749700122803 /* TextEditorView.swift in Sources */,
				35F616F32906749700122803 /* CanvasController.swift in Sources */,
				35F616F42906749700122803 /* TextAlert.swift in Sources */,
				35F616F52906749700122803 /* DataController.swift in Sources */,
				35F616F62906749700122803 /* SortMethod.swift in Sources */,
				35F616F72906749700122803 /* LabelButton.swift in Sources */,
				35AEB587298674990015601B /* TableTableViewController.swift in Sources */,
				35F616F82906749700122803 /* UpdateView.swift in Sources */,
			);
			runOnlyForDeploymentPostprocessing = 0;
		};
/* End PBXSourcesBuildPhase section */

/* Begin XCBuildConfiguration section */
		353D7465278FAC8C00C96CFF /* Debug */ = {
			isa = XCBuildConfiguration;
			buildSettings = {
				ALWAYS_SEARCH_USER_PATHS = NO;
				ASSETCATALOG_COMPILER_INCLUDE_ALL_APPICON_ASSETS = NO;
				CLANG_ANALYZER_NONNULL = YES;
				CLANG_ANALYZER_NUMBER_OBJECT_CONVERSION = YES_AGGRESSIVE;
				CLANG_CXX_LANGUAGE_STANDARD = "gnu++17";
				CLANG_CXX_LIBRARY = "libc++";
				CLANG_ENABLE_MODULES = YES;
				CLANG_ENABLE_OBJC_ARC = YES;
				CLANG_ENABLE_OBJC_WEAK = YES;
				CLANG_WARN_BLOCK_CAPTURE_AUTORELEASING = YES;
				CLANG_WARN_BOOL_CONVERSION = YES;
				CLANG_WARN_COMMA = YES;
				CLANG_WARN_CONSTANT_CONVERSION = YES;
				CLANG_WARN_DEPRECATED_OBJC_IMPLEMENTATIONS = YES;
				CLANG_WARN_DIRECT_OBJC_ISA_USAGE = YES_ERROR;
				CLANG_WARN_DOCUMENTATION_COMMENTS = YES;
				CLANG_WARN_EMPTY_BODY = YES;
				CLANG_WARN_ENUM_CONVERSION = YES;
				CLANG_WARN_INFINITE_RECURSION = YES;
				CLANG_WARN_INT_CONVERSION = YES;
				CLANG_WARN_NON_LITERAL_NULL_CONVERSION = YES;
				CLANG_WARN_OBJC_IMPLICIT_RETAIN_SELF = YES;
				CLANG_WARN_OBJC_LITERAL_CONVERSION = YES;
				CLANG_WARN_OBJC_ROOT_CLASS = YES_ERROR;
				CLANG_WARN_QUOTED_INCLUDE_IN_FRAMEWORK_HEADER = YES;
				CLANG_WARN_RANGE_LOOP_ANALYSIS = YES;
				CLANG_WARN_STRICT_PROTOTYPES = YES;
				CLANG_WARN_SUSPICIOUS_MOVE = YES;
				CLANG_WARN_UNGUARDED_AVAILABILITY = YES_AGGRESSIVE;
				CLANG_WARN_UNREACHABLE_CODE = YES;
				CLANG_WARN__DUPLICATE_METHOD_MATCH = YES;
				COPY_PHASE_STRIP = NO;
				DEBUG_INFORMATION_FORMAT = dwarf;
				ENABLE_STRICT_OBJC_MSGSEND = YES;
				ENABLE_TESTABILITY = YES;
				GCC_C_LANGUAGE_STANDARD = gnu11;
				GCC_DYNAMIC_NO_PIC = NO;
				GCC_NO_COMMON_BLOCKS = YES;
				GCC_OPTIMIZATION_LEVEL = 0;
				GCC_PREPROCESSOR_DEFINITIONS = (
					"DEBUG=1",
					"$(inherited)",
				);
				GCC_WARN_64_TO_32_BIT_CONVERSION = YES;
				GCC_WARN_ABOUT_RETURN_TYPE = YES_ERROR;
				GCC_WARN_UNDECLARED_SELECTOR = YES;
				GCC_WARN_UNINITIALIZED_AUTOS = YES_AGGRESSIVE;
				GCC_WARN_UNUSED_FUNCTION = YES;
				GCC_WARN_UNUSED_VARIABLE = YES;
				IPHONEOS_DEPLOYMENT_TARGET = 16.0;
				MTL_ENABLE_DEBUG_INFO = INCLUDE_SOURCE;
				MTL_FAST_MATH = YES;
				ONLY_ACTIVE_ARCH = YES;
				SDKROOT = iphoneos;
				SWIFT_ACTIVE_COMPILATION_CONDITIONS = DEBUG;
				SWIFT_OPTIMIZATION_LEVEL = "-Onone";
			};
			name = Debug;
		};
		353D7466278FAC8C00C96CFF /* Release */ = {
			isa = XCBuildConfiguration;
			buildSettings = {
				ALWAYS_SEARCH_USER_PATHS = NO;
				ASSETCATALOG_COMPILER_INCLUDE_ALL_APPICON_ASSETS = NO;
				CLANG_ANALYZER_NONNULL = YES;
				CLANG_ANALYZER_NUMBER_OBJECT_CONVERSION = YES_AGGRESSIVE;
				CLANG_CXX_LANGUAGE_STANDARD = "gnu++17";
				CLANG_CXX_LIBRARY = "libc++";
				CLANG_ENABLE_MODULES = YES;
				CLANG_ENABLE_OBJC_ARC = YES;
				CLANG_ENABLE_OBJC_WEAK = YES;
				CLANG_WARN_BLOCK_CAPTURE_AUTORELEASING = YES;
				CLANG_WARN_BOOL_CONVERSION = YES;
				CLANG_WARN_COMMA = YES;
				CLANG_WARN_CONSTANT_CONVERSION = YES;
				CLANG_WARN_DEPRECATED_OBJC_IMPLEMENTATIONS = YES;
				CLANG_WARN_DIRECT_OBJC_ISA_USAGE = YES_ERROR;
				CLANG_WARN_DOCUMENTATION_COMMENTS = YES;
				CLANG_WARN_EMPTY_BODY = YES;
				CLANG_WARN_ENUM_CONVERSION = YES;
				CLANG_WARN_INFINITE_RECURSION = YES;
				CLANG_WARN_INT_CONVERSION = YES;
				CLANG_WARN_NON_LITERAL_NULL_CONVERSION = YES;
				CLANG_WARN_OBJC_IMPLICIT_RETAIN_SELF = YES;
				CLANG_WARN_OBJC_LITERAL_CONVERSION = YES;
				CLANG_WARN_OBJC_ROOT_CLASS = YES_ERROR;
				CLANG_WARN_QUOTED_INCLUDE_IN_FRAMEWORK_HEADER = YES;
				CLANG_WARN_RANGE_LOOP_ANALYSIS = YES;
				CLANG_WARN_STRICT_PROTOTYPES = YES;
				CLANG_WARN_SUSPICIOUS_MOVE = YES;
				CLANG_WARN_UNGUARDED_AVAILABILITY = YES_AGGRESSIVE;
				CLANG_WARN_UNREACHABLE_CODE = YES;
				CLANG_WARN__DUPLICATE_METHOD_MATCH = YES;
				COPY_PHASE_STRIP = NO;
				DEBUG_INFORMATION_FORMAT = "dwarf-with-dsym";
				ENABLE_NS_ASSERTIONS = NO;
				ENABLE_STRICT_OBJC_MSGSEND = YES;
				GCC_C_LANGUAGE_STANDARD = gnu11;
				GCC_NO_COMMON_BLOCKS = YES;
				GCC_WARN_64_TO_32_BIT_CONVERSION = YES;
				GCC_WARN_ABOUT_RETURN_TYPE = YES_ERROR;
				GCC_WARN_UNDECLARED_SELECTOR = YES;
				GCC_WARN_UNINITIALIZED_AUTOS = YES_AGGRESSIVE;
				GCC_WARN_UNUSED_FUNCTION = YES;
				GCC_WARN_UNUSED_VARIABLE = YES;
				IPHONEOS_DEPLOYMENT_TARGET = 16.0;
				MTL_ENABLE_DEBUG_INFO = NO;
				MTL_FAST_MATH = YES;
				SDKROOT = iphoneos;
				SWIFT_COMPILATION_MODE = wholemodule;
				SWIFT_OPTIMIZATION_LEVEL = "-O";
				VALIDATE_PRODUCT = YES;
			};
			name = Release;
		};
		35B065BA290670AE000A3BD2 /* Debug */ = {
			isa = XCBuildConfiguration;
			buildSettings = {
				ASSETCATALOG_COMPILER_APPICON_NAME = AppIcon;
				ASSETCATALOG_COMPILER_GLOBAL_ACCENT_COLOR_NAME = AccentColor;
				ASSETCATALOG_COMPILER_INCLUDE_ALL_APPICON_ASSETS = YES;
				CLANG_CXX_LANGUAGE_STANDARD = "gnu++20";
				CODE_SIGN_ENTITLEMENTS = Harmony/Harmony.entitlements;
				CODE_SIGN_STYLE = Automatic;
				CURRENT_PROJECT_VERSION = 1;
				DEVELOPMENT_ASSET_PATHS = "\"Harmony/Preview Content\"";
				DEVELOPMENT_TEAM = A767GDGQM8;
				ENABLE_HARDENED_RUNTIME = YES;
				ENABLE_PREVIEWS = YES;
				GENERATE_INFOPLIST_FILE = YES;
				INFOPLIST_FILE = Harmony/Info.plist;
				INFOPLIST_KEY_CFBundleDisplayName = Harmony;
				INFOPLIST_KEY_LSApplicationCategoryType = "public.app-category.productivity";
				INFOPLIST_KEY_UIApplicationSceneManifest_Generation = YES;
				"INFOPLIST_KEY_UIApplicationSceneManifest_Generation[sdk=iphoneos*]" = YES;
				"INFOPLIST_KEY_UIApplicationSceneManifest_Generation[sdk=iphonesimulator*]" = YES;
				INFOPLIST_KEY_UIApplicationSupportsIndirectInputEvents = YES;
				"INFOPLIST_KEY_UIApplicationSupportsIndirectInputEvents[sdk=iphoneos*]" = YES;
				"INFOPLIST_KEY_UIApplicationSupportsIndirectInputEvents[sdk=iphonesimulator*]" = YES;
				INFOPLIST_KEY_UILaunchScreen_Generation = YES;
				"INFOPLIST_KEY_UILaunchScreen_Generation[sdk=iphoneos*]" = YES;
				"INFOPLIST_KEY_UILaunchScreen_Generation[sdk=iphonesimulator*]" = YES;
				INFOPLIST_KEY_UILaunchStoryboardName = "Launch Screen.storyboard";
				INFOPLIST_KEY_UIStatusBarStyle = UIStatusBarStyleDefault;
				"INFOPLIST_KEY_UIStatusBarStyle[sdk=iphoneos*]" = UIStatusBarStyleDefault;
				"INFOPLIST_KEY_UIStatusBarStyle[sdk=iphonesimulator*]" = UIStatusBarStyleDefault;
				INFOPLIST_KEY_UISupportedInterfaceOrientations = "UIInterfaceOrientationPortrait UIInterfaceOrientationLandscapeLeft UIInterfaceOrientationLandscapeRight";
				INFOPLIST_KEY_UISupportedInterfaceOrientations_iPad = "UIInterfaceOrientationPortrait UIInterfaceOrientationPortraitUpsideDown UIInterfaceOrientationLandscapeLeft UIInterfaceOrientationLandscapeRight";
				INFOPLIST_KEY_UISupportedInterfaceOrientations_iPhone = "UIInterfaceOrientationPortrait UIInterfaceOrientationLandscapeLeft UIInterfaceOrientationLandscapeRight";
				IPHONEOS_DEPLOYMENT_TARGET = 16.0;
				LD_RUNPATH_SEARCH_PATHS = "@executable_path/Frameworks";
				"LD_RUNPATH_SEARCH_PATHS[sdk=macosx*]" = "@executable_path/../Frameworks";
				MACOSX_DEPLOYMENT_TARGET = 12.3;
				MARKETING_VERSION = 1.0;
				PRODUCT_BUNDLE_IDENTIFIER = com.aadianand.harmony;
				PRODUCT_NAME = "$(TARGET_NAME)";
				SDKROOT = iphoneos;
				SUPPORTED_PLATFORMS = "iphoneos iphonesimulator";
				SUPPORTS_MACCATALYST = NO;
				SUPPORTS_MAC_DESIGNED_FOR_IPHONE_IPAD = YES;
				SWIFT_EMIT_LOC_STRINGS = YES;
				SWIFT_VERSION = 5.0;
				TARGETED_DEVICE_FAMILY = "1,2";
			};
			name = Debug;
		};
		35B065BB290670AE000A3BD2 /* Release */ = {
			isa = XCBuildConfiguration;
			buildSettings = {
				ASSETCATALOG_COMPILER_APPICON_NAME = AppIcon;
				ASSETCATALOG_COMPILER_GLOBAL_ACCENT_COLOR_NAME = AccentColor;
				ASSETCATALOG_COMPILER_INCLUDE_ALL_APPICON_ASSETS = YES;
				CLANG_CXX_LANGUAGE_STANDARD = "gnu++20";
				CODE_SIGN_ENTITLEMENTS = Harmony/Harmony.entitlements;
				CODE_SIGN_STYLE = Automatic;
				CURRENT_PROJECT_VERSION = 1;
				DEVELOPMENT_ASSET_PATHS = "\"Harmony/Preview Content\"";
				DEVELOPMENT_TEAM = A767GDGQM8;
				ENABLE_HARDENED_RUNTIME = YES;
				ENABLE_PREVIEWS = YES;
				GENERATE_INFOPLIST_FILE = YES;
				INFOPLIST_FILE = Harmony/Info.plist;
				INFOPLIST_KEY_CFBundleDisplayName = Harmony;
				INFOPLIST_KEY_LSApplicationCategoryType = "public.app-category.productivity";
				INFOPLIST_KEY_UIApplicationSceneManifest_Generation = YES;
				"INFOPLIST_KEY_UIApplicationSceneManifest_Generation[sdk=iphoneos*]" = YES;
				"INFOPLIST_KEY_UIApplicationSceneManifest_Generation[sdk=iphonesimulator*]" = YES;
				INFOPLIST_KEY_UIApplicationSupportsIndirectInputEvents = YES;
				"INFOPLIST_KEY_UIApplicationSupportsIndirectInputEvents[sdk=iphoneos*]" = YES;
				"INFOPLIST_KEY_UIApplicationSupportsIndirectInputEvents[sdk=iphonesimulator*]" = YES;
				INFOPLIST_KEY_UILaunchScreen_Generation = YES;
				"INFOPLIST_KEY_UILaunchScreen_Generation[sdk=iphoneos*]" = YES;
				"INFOPLIST_KEY_UILaunchScreen_Generation[sdk=iphonesimulator*]" = YES;
				INFOPLIST_KEY_UILaunchStoryboardName = "Launch Screen.storyboard";
				INFOPLIST_KEY_UIStatusBarStyle = UIStatusBarStyleDefault;
				"INFOPLIST_KEY_UIStatusBarStyle[sdk=iphoneos*]" = UIStatusBarStyleDefault;
				"INFOPLIST_KEY_UIStatusBarStyle[sdk=iphonesimulator*]" = UIStatusBarStyleDefault;
				INFOPLIST_KEY_UISupportedInterfaceOrientations = "UIInterfaceOrientationPortrait UIInterfaceOrientationLandscapeLeft UIInterfaceOrientationLandscapeRight";
				INFOPLIST_KEY_UISupportedInterfaceOrientations_iPad = "UIInterfaceOrientationPortrait UIInterfaceOrientationPortraitUpsideDown UIInterfaceOrientationLandscapeLeft UIInterfaceOrientationLandscapeRight";
				INFOPLIST_KEY_UISupportedInterfaceOrientations_iPhone = "UIInterfaceOrientationPortrait UIInterfaceOrientationLandscapeLeft UIInterfaceOrientationLandscapeRight";
				IPHONEOS_DEPLOYMENT_TARGET = 16.0;
				LD_RUNPATH_SEARCH_PATHS = "@executable_path/Frameworks";
				"LD_RUNPATH_SEARCH_PATHS[sdk=macosx*]" = "@executable_path/../Frameworks";
				MACOSX_DEPLOYMENT_TARGET = 12.3;
				MARKETING_VERSION = 1.0;
				PRODUCT_BUNDLE_IDENTIFIER = com.aadianand.harmony;
				PRODUCT_NAME = "$(TARGET_NAME)";
				SDKROOT = iphoneos;
				SUPPORTED_PLATFORMS = "iphoneos iphonesimulator";
				SUPPORTS_MACCATALYST = NO;
				SUPPORTS_MAC_DESIGNED_FOR_IPHONE_IPAD = YES;
				SWIFT_EMIT_LOC_STRINGS = YES;
				SWIFT_VERSION = 5.0;
				TARGETED_DEVICE_FAMILY = "1,2";
			};
			name = Release;
		};
/* End XCBuildConfiguration section */

/* Begin XCConfigurationList section */
		353D7454278FAC8B00C96CFF /* Build configuration list for PBXProject "Harmony" */ = {
			isa = XCConfigurationList;
			buildConfigurations = (
				353D7465278FAC8C00C96CFF /* Debug */,
				353D7466278FAC8C00C96CFF /* Release */,
			);
			defaultConfigurationIsVisible = 0;
			defaultConfigurationName = Release;
		};
		35B065B9290670AE000A3BD2 /* Build configuration list for PBXNativeTarget "Harmony" */ = {
			isa = XCConfigurationList;
			buildConfigurations = (
				35B065BA290670AE000A3BD2 /* Debug */,
				35B065BB290670AE000A3BD2 /* Release */,
			);
			defaultConfigurationIsVisible = 0;
			defaultConfigurationName = Release;
		};
/* End XCConfigurationList section */

/* Begin XCVersionGroup section */
		359BA603290676C600326A2F /* Harmony.xcdatamodeld */ = {
			isa = XCVersionGroup;
			children = (
				359BA6072906782300326A2F /* Harmony 2.xcdatamodel */,
				359BA604290676C600326A2F /* Harmony.xcdatamodel */,
			);
			currentVersion = 359BA604290676C600326A2F /* Harmony.xcdatamodel */;
			path = Harmony.xcdatamodeld;
			sourceTree = "<group>";
			versionGroupType = wrapper.xcdatamodel;
		};
/* End XCVersionGroup section */
	};
	rootObject = 353D7451278FAC8B00C96CFF /* Project object */;
}
